
Microsoft Visual Studio Solution File, Format Version 12.00
# Visual Studio 14
VisualStudioVersion = 14.0.25123.0
MinimumVisualStudioVersion = 10.0.40219.1
Project("{FAE04EC0-301F-11D3-BF4B-00C04F79EFBC}") = "Rhino.Licensing", "Rhino.Licensing\Rhino.Licensing.csproj", "{05EFD7EB-F0FB-4B65-8E4A-C8FF8DDC6A78}"
EndProject
Project("{FAE04EC0-301F-11D3-BF4B-00C04F79EFBC}") = "Rhino.Licensing.Tests", "Rhino.Licensing.Tests\Rhino.Licensing.Tests.csproj", "{DE9C3868-B836-4CA5-A6FB-2FD78542D3B6}"
EndProject
Project("{FAE04EC0-301F-11D3-BF4B-00C04F79EFBC}") = "Rhino.Licensing.AdminTool", "Rhino.Licensing.AdminTool\Rhino.Licensing.AdminTool.csproj", "{9C11E95F-82A2-4A40-8E15-33487A64F7D2}"
EndProject
Project("{FAE04EC0-301F-11D3-BF4B-00C04F79EFBC}") = "Rhino.Licensing.AdminTool.Tests", "Rhino.Licensing.AdminTool.Tests\Rhino.Licensing.AdminTool.Tests.csproj", "{0E53928C-3A33-4C4A-8B8C-ABA257B0E94E}"
EndProject
Project("{2150E333-8FDC-42A3-9474-1A3956D46DE8}") = "Solution Items", "Solution Items", "{716C50C6-55B5-4D1B-B956-D2CD7FDBF249}"
	ProjectSection(SolutionItems) = preProject
		Solution Items\SolutionInfo.cs = Solution Items\SolutionInfo.cs
	EndProjectSection
EndProject
Global
	GlobalSection(SolutionConfigurationPlatforms) = preSolution
		Debug|Any CPU = Debug|Any CPU
		Release|Any CPU = Release|Any CPU
	EndGlobalSection
	GlobalSection(ProjectConfigurationPlatforms) = postSolution
		{05EFD7EB-F0FB-4B65-8E4A-C8FF8DDC6A78}.Debug|Any CPU.ActiveCfg = Debug|Any CPU
		{05EFD7EB-F0FB-4B65-8E4A-C8FF8DDC6A78}.Debug|Any CPU.Build.0 = Debug|Any CPU
		{05EFD7EB-F0FB-4B65-8E4A-C8FF8DDC6A78}.Release|Any CPU.ActiveCfg = Release|Any CPU
		{05EFD7EB-F0FB-4B65-8E4A-C8FF8DDC6A78}.Release|Any CPU.Build.0 = Release|Any CPU
		{DE9C3868-B836-4CA5-A6FB-2FD78542D3B6}.Debug|Any CPU.ActiveCfg = Debug|Any CPU
		{DE9C3868-B836-4CA5-A6FB-2FD78542D3B6}.Debug|Any CPU.Build.0 = Debug|Any CPU
		{DE9C3868-B836-4CA5-A6FB-2FD78542D3B6}.Release|Any CPU.ActiveCfg = Release|Any CPU
		{DE9C3868-B836-4CA5-A6FB-2FD78542D3B6}.Release|Any CPU.Build.0 = Release|Any CPU
		{9C11E95F-82A2-4A40-8E15-33487A64F7D2}.Debug|Any CPU.ActiveCfg = Debug|Any CPU
		{9C11E95F-82A2-4A40-8E15-33487A64F7D2}.Debug|Any CPU.Build.0 = Debug|Any CPU
		{9C11E95F-82A2-4A40-8E15-33487A64F7D2}.Release|Any CPU.ActiveCfg = Release|Any CPU
		{9C11E95F-82A2-4A40-8E15-33487A64F7D2}.Release|Any CPU.Build.0 = Release|Any CPU
		{0E53928C-3A33-4C4A-8B8C-ABA257B0E94E}.Debug|Any CPU.ActiveCfg = Debug|Any CPU
		{0E53928C-3A33-4C4A-8B8C-ABA257B0E94E}.Debug|Any CPU.Build.0 = Debug|Any CPU
		{0E53928C-3A33-4C4A-8B8C-ABA257B0E94E}.Release|Any CPU.ActiveCfg = Release|Any CPU
		{0E53928C-3A33-4C4A-8B8C-ABA257B0E94E}.Release|Any CPU.Build.0 = Release|Any CPU
	EndGlobalSection
	GlobalSection(SolutionProperties) = preSolution
		HideSolutionNode = FALSE
	EndGlobalSection
EndGlobal
